
Microsoft Visual Studio Solution File, Format Version 12.00
# Visual Studio Version 16
VisualStudioVersion = 16.0.31702.278
MinimumVisualStudioVersion = 10.0.40219.1
Project("{8BC9CEB8-8B4A-11D0-8D11-00A0C91BC942}") = "2557", "2557\2557.vcxproj", "{82A46974-445A-4854-9785-7AC8998A2B68}"
EndProject
Project("{8BC9CEB8-8B4A-11D0-8D11-00A0C91BC942}") = "10718", "10718\10718.vcxproj", "{581AB72C-E677-40D6-94C5-62982A0FDAA7}"
EndProject
Project("{8BC9CEB8-8B4A-11D0-8D11-00A0C91BC942}") = "10171", "10171\10171.vcxproj", "{0A805759-D442-46C3-A5D4-45E42FCB8FB2}"
EndProject
Project("{8BC9CEB8-8B4A-11D0-8D11-00A0C91BC942}") = "1000", "1000\1000.vcxproj", "{D260A93D-52B5-4AE6-8CAE-5C1DC761BFC7}"
EndProject
Project("{8BC9CEB8-8B4A-11D0-8D11-00A0C91BC942}") = "10869", "10869\10869.vcxproj", "{F8B8C279-015C-43AC-BB6E-0D72CB44AEC9}"
EndProject
Project("{8BC9CEB8-8B4A-11D0-8D11-00A0C91BC942}") = "1008", "1008\1008.vcxproj", "{07004E40-BC68-4D2D-8A39-81EA60AFD644}"
EndProject
Project("{8BC9CEB8-8B4A-11D0-8D11-00A0C91BC942}") = "2588", "2588\2588.vcxproj", "{D97FCF9A-1E43-4815-8545-893F6F0D4E98}"
EndProject
Global
	GlobalSection(SolutionConfigurationPlatforms) = preSolution
		Debug|x64 = Debug|x64
		Debug|x86 = Debug|x86
		Release|x64 = Release|x64
		Release|x86 = Release|x86
	EndGlobalSection
	GlobalSection(ProjectConfigurationPlatforms) = postSolution
		{82A46974-445A-4854-9785-7AC8998A2B68}.Debug|x64.ActiveCfg = Debug|x64
		{82A46974-445A-4854-9785-7AC8998A2B68}.Debug|x64.Build.0 = Debug|x64
		{82A46974-445A-4854-9785-7AC8998A2B68}.Debug|x86.ActiveCfg = Debug|Win32
		{82A46974-445A-4854-9785-7AC8998A2B68}.Debug|x86.Build.0 = Debug|Win32
		{82A46974-445A-4854-9785-7AC8998A2B68}.Release|x64.ActiveCfg = Release|x64
		{82A46974-445A-4854-9785-7AC8998A2B68}.Release|x64.Build.0 = Release|x64
		{82A46974-445A-4854-9785-7AC8998A2B68}.Release|x86.ActiveCfg = Release|Win32
		{82A46974-445A-4854-9785-7AC8998A2B68}.Release|x86.Build.0 = Release|Win32
		{581AB72C-E677-40D6-94C5-62982A0FDAA7}.Debug|x64.ActiveCfg = Debug|x64
		{581AB72C-E677-40D6-94C5-62982A0FDAA7}.Debug|x64.Build.0 = Debug|x64
		{581AB72C-E677-40D6-94C5-62982A0FDAA7}.Debug|x86.ActiveCfg = Debug|Win32
		{581AB72C-E677-40D6-94C5-62982A0FDAA7}.Debug|x86.Build.0 = Debug|Win32
		{581AB72C-E677-40D6-94C5-62982A0FDAA7}.Release|x64.ActiveCfg = Release|x64
		{581AB72C-E677-40D6-94C5-62982A0FDAA7}.Release|x64.Build.0 = Release|x64
		{581AB72C-E677-40D6-94C5-62982A0FDAA7}.Release|x86.ActiveCfg = Release|Win32
		{581AB72C-E677-40D6-94C5-62982A0FDAA7}.Release|x86.Build.0 = Release|Win32
		{0A805759-D442-46C3-A5D4-45E42FCB8FB2}.Debug|x64.ActiveCfg = Debug|x64
		{0A805759-D442-46C3-A5D4-45E42FCB8FB2}.Debug|x64.Build.0 = Debug|x64
		{0A805759-D442-46C3-A5D4-45E42FCB8FB2}.Debug|x86.ActiveCfg = Debug|Win32
		{0A805759-D442-46C3-A5D4-45E42FCB8FB2}.Debug|x86.Build.0 = Debug|Win32
		{0A805759-D442-46C3-A5D4-45E42FCB8FB2}.Release|x64.ActiveCfg = Release|x64
		{0A805759-D442-46C3-A5D4-45E42FCB8FB2}.Release|x64.Build.0 = Release|x64
		{0A805759-D442-46C3-A5D4-45E42FCB8FB2}.Release|x86.ActiveCfg = Release|Win32
		{0A805759-D442-46C3-A5D4-45E42FCB8FB2}.Release|x86.Build.0 = Release|Win32
		{D260A93D-52B5-4AE6-8CAE-5C1DC761BFC7}.Debug|x64.ActiveCfg = Debug|x64
		{D260A93D-52B5-4AE6-8CAE-5C1DC761BFC7}.Debug|x64.Build.0 = Debug|x64
		{D260A93D-52B5-4AE6-8CAE-5C1DC761BFC7}.Debug|x86.ActiveCfg = Debug|Win32
		{D260A93D-52B5-4AE6-8CAE-5C1DC761BFC7}.Debug|x86.Build.0 = Debug|Win32
		{D260A93D-52B5-4AE6-8CAE-5C1DC761BFC7}.Release|x64.ActiveCfg = Release|x64
		{D260A93D-52B5-4AE6-8CAE-5C1DC761BFC7}.Release|x64.Build.0 = Release|x64
		{D260A93D-52B5-4AE6-8CAE-5C1DC761BFC7}.Release|x86.ActiveCfg = Release|Win32
		{D260A93D-52B5-4AE6-8CAE-5C1DC761BFC7}.Release|x86.Build.0 = Release|Win32
		{F8B8C279-015C-43AC-BB6E-0D72CB44AEC9}.Debug|x64.ActiveCfg = Debug|x64
		{F8B8C279-015C-43AC-BB6E-0D72CB44AEC9}.Debug|x64.Build.0 = Debug|x64
		{F8B8C279-015C-43AC-BB6E-0D72CB44AEC9}.Debug|x86.ActiveCfg = Debug|Win32
		{F8B8C279-015C-43AC-BB6E-0D72CB44AEC9}.Debug|x86.Build.0 = Debug|Win32
		{F8B8C279-015C-43AC-BB6E-0D72CB44AEC9}.Release|x64.ActiveCfg = Release|x64
		{F8B8C279-015C-43AC-BB6E-0D72CB44AEC9}.Release|x64.Build.0 = Release|x64
		{F8B8C279-015C-43AC-BB6E-0D72CB44AEC9}.Release|x86.ActiveCfg = Release|Win32
		{F8B8C279-015C-43AC-BB6E-0D72CB44AEC9}.Release|x86.Build.0 = Release|Win32
		{07004E40-BC68-4D2D-8A39-81EA60AFD644}.Debug|x64.ActiveCfg = Debug|x64
		{07004E40-BC68-4D2D-8A39-81EA60AFD644}.Debug|x64.Build.0 = Debug|x64
		{07004E40-BC68-4D2D-8A39-81EA60AFD644}.Debug|x86.ActiveCfg = Debug|Win32
		{07004E40-BC68-4D2D-8A39-81EA60AFD644}.Debug|x86.Build.0 = Debug|Win32
		{07004E40-BC68-4D2D-8A39-81EA60AFD644}.Release|x64.ActiveCfg = Release|x64
		{07004E40-BC68-4D2D-8A39-81EA60AFD644}.Release|x64.Build.0 = Release|x64
		{07004E40-BC68-4D2D-8A39-81EA60AFD644}.Release|x86.ActiveCfg = Release|Win32
		{07004E40-BC68-4D2D-8A39-81EA60AFD644}.Release|x86.Build.0 = Release|Win32
		{D97FCF9A-1E43-4815-8545-893F6F0D4E98}.Debug|x64.ActiveCfg = Debug|x64
		{D97FCF9A-1E43-4815-8545-893F6F0D4E98}.Debug|x64.Build.0 = Debug|x64
		{D97FCF9A-1E43-4815-8545-893F6F0D4E98}.Debug|x86.ActiveCfg = Debug|Win32
		{D97FCF9A-1E43-4815-8545-893F6F0D4E98}.Debug|x86.Build.0 = Debug|Win32
		{D97FCF9A-1E43-4815-8545-893F6F0D4E98}.Release|x64.ActiveCfg = Release|x64
		{D97FCF9A-1E43-4815-8545-893F6F0D4E98}.Release|x64.Build.0 = Release|x64
		{D97FCF9A-1E43-4815-8545-893F6F0D4E98}.Release|x86.ActiveCfg = Release|Win32
		{D97FCF9A-1E43-4815-8545-893F6F0D4E98}.Release|x86.Build.0 = Release|Win32
	EndGlobalSection
	GlobalSection(SolutionProperties) = preSolution
		HideSolutionNode = FALSE
	EndGlobalSection
	GlobalSection(ExtensibilityGlobals) = postSolution
		SolutionGuid = {1AD7BBB4-C5C1-49C9-82F4-B8CEF9046C04}
	EndGlobalSection
EndGlobal
